
Microsoft Visual Studio Solution File, Format Version 12.00
# Visual Studio Version 17
VisualStudioVersion = 17.3.32929.385
MinimumVisualStudioVersion = 10.0.40219.1
Project("{9A19103F-16F7-4668-BE54-9A1E7A4F7556}") = "LogisticService", "LogisticService.csproj", "{FC146347-FB45-4942-BDC0-1D6F748C2BB9}"
EndProject
Global
	GlobalSection(SolutionConfigurationPlatforms) = preSolution
		Debug|Any CPU = Debug|Any CPU
		Release|Any CPU = Release|Any CPU
	EndGlobalSection
	GlobalSection(ProjectConfigurationPlatforms) = postSolution
		{FC146347-FB45-4942-BDC0-1D6F748C2BB9}.Debug|Any CPU.ActiveCfg = Debug|Any CPU
		{FC146347-FB45-4942-BDC0-1D6F748C2BB9}.Debug|Any CPU.Build.0 = Debug|Any CPU
		{FC146347-FB45-4942-BDC0-1D6F748C2BB9}.Release|Any CPU.ActiveCfg = Release|Any CPU
		{FC146347-FB45-4942-BDC0-1D6F748C2BB9}.Release|Any CPU.Build.0 = Release|Any CPU
	EndGlobalSection
	GlobalSection(SolutionProperties) = preSolution
		HideSolutionNode = FALSE
	EndGlobalSection
	GlobalSection(ExtensibilityGlobals) = postSolution
		SolutionGuid = {6F483224-F8D0-4BB4-82FA-5E217DAEF1F6}
	EndGlobalSection
EndGlobal
